
Microsoft Visual Studio Solution File, Format Version 12.00
# Visual Studio Version 16
VisualStudioVersion = 16.0.32228.343
MinimumVisualStudioVersion = 10.0.40219.1
Project("{9A19103F-16F7-4668-BE54-9A1E7A4F7556}") = "CSharpReflection", "CSharpReflection\CSharpReflection.csproj", "{4A042DBC-CAB0-43B5-9339-D72BBD3699DB}"
EndProject
Project("{FAE04EC0-301F-11D3-BF4B-00C04F79EFBC}") = "CarTests", "CarTests\CarTests.csproj", "{C6C01321-7672-45CD-BC17-EF31EF2D774F}"
EndProject
Global
	GlobalSection(SolutionConfigurationPlatforms) = preSolution
		Debug|Any CPU = Debug|Any CPU
		Release|Any CPU = Release|Any CPU
	EndGlobalSection
	GlobalSection(ProjectConfigurationPlatforms) = postSolution
		{4A042DBC-CAB0-43B5-9339-D72BBD3699DB}.Debug|Any CPU.ActiveCfg = Debug|Any CPU
		{4A042DBC-CAB0-43B5-9339-D72BBD3699DB}.Debug|Any CPU.Build.0 = Debug|Any CPU
		{4A042DBC-CAB0-43B5-9339-D72BBD3699DB}.Release|Any CPU.ActiveCfg = Release|Any CPU
		{4A042DBC-CAB0-43B5-9339-D72BBD3699DB}.Release|Any CPU.Build.0 = Release|Any CPU
		{C6C01321-7672-45CD-BC17-EF31EF2D774F}.Debug|Any CPU.ActiveCfg = Debug|Any CPU
		{C6C01321-7672-45CD-BC17-EF31EF2D774F}.Debug|Any CPU.Build.0 = Debug|Any CPU
		{C6C01321-7672-45CD-BC17-EF31EF2D774F}.Release|Any CPU.ActiveCfg = Release|Any CPU
		{C6C01321-7672-45CD-BC17-EF31EF2D774F}.Release|Any CPU.Build.0 = Release|Any CPU
	EndGlobalSection
	GlobalSection(SolutionProperties) = preSolution
		HideSolutionNode = FALSE
	EndGlobalSection
	GlobalSection(ExtensibilityGlobals) = postSolution
		SolutionGuid = {742D4F5A-11D6-4C28-A58A-68BB153CD72A}
	EndGlobalSection
EndGlobal
